// !$*UTF8*$!
{
	archiveVersion = 1;
	classes = {
	};
	objectVersion = 50;
	objects = {

/* Begin PBXBuildFile section */
		966EB708247A9F6D008E2A1F /* EpisodesListTableViewController.swift in Sources */ = {isa = PBXBuildFile; fileRef = 966EB707247A9F6C008E2A1F /* EpisodesListTableViewController.swift */; };
		966EB70A247A9FF3008E2A1F /* EpisodeTableViewCell.swift in Sources */ = {isa = PBXBuildFile; fileRef = 966EB709247A9FF3008E2A1F /* EpisodeTableViewCell.swift */; };
		966EB70C247AA266008E2A1F /* episodes.json in Resources */ = {isa = PBXBuildFile; fileRef = 966EB70B247AA266008E2A1F /* episodes.json */; };
		966EB70E247AA3A5008E2A1F /* Episode.swift in Sources */ = {isa = PBXBuildFile; fileRef = 966EB70D247AA3A5008E2A1F /* Episode.swift */; };
		966EB710247AFA3E008E2A1F /* EpisodeViewController.swift in Sources */ = {isa = PBXBuildFile; fileRef = 966EB70F247AFA3E008E2A1F /* EpisodeViewController.swift */; };
		96BC1415247A050800359967 /* AppDelegate.swift in Sources */ = {isa = PBXBuildFile; fileRef = 96BC1414247A050800359967 /* AppDelegate.swift */; };
		96BC1419247A050800359967 /* ViewController.swift in Sources */ = {isa = PBXBuildFile; fileRef = 96BC1418247A050800359967 /* ViewController.swift */; };
		96BC141C247A050800359967 /* Main.storyboard in Resources */ = {isa = PBXBuildFile; fileRef = 96BC141A247A050800359967 /* Main.storyboard */; };
		96BC141E247A050B00359967 /* Assets.xcassets in Resources */ = {isa = PBXBuildFile; fileRef = 96BC141D247A050B00359967 /* Assets.xcassets */; };
		96BC1421247A050B00359967 /* LaunchScreen.storyboard in Resources */ = {isa = PBXBuildFile; fileRef = 96BC141F247A050B00359967 /* LaunchScreen.storyboard */; };
/* End PBXBuildFile section */

/* Begin PBXFileReference section */
		966EB707247A9F6C008E2A1F /* EpisodesListTableViewController.swift */ = {isa = PBXFileReference; lastKnownFileType = sourcecode.swift; path = EpisodesListTableViewController.swift; sourceTree = "<group>"; };
		966EB709247A9FF3008E2A1F /* EpisodeTableViewCell.swift */ = {isa = PBXFileReference; lastKnownFileType = sourcecode.swift; path = EpisodeTableViewCell.swift; sourceTree = "<group>"; };
		966EB70B247AA266008E2A1F /* episodes.json */ = {isa = PBXFileReference; fileEncoding = 4; lastKnownFileType = text.json; path = episodes.json; sourceTree = "<group>"; };
		966EB70D247AA3A5008E2A1F /* Episode.swift */ = {isa = PBXFileReference; lastKnownFileType = sourcecode.swift; path = Episode.swift; sourceTree = "<group>"; };
		966EB70F247AFA3E008E2A1F /* EpisodeViewController.swift */ = {isa = PBXFileReference; lastKnownFileType = sourcecode.swift; path = EpisodeViewController.swift; sourceTree = "<group>"; };
		96BC1411247A050800359967 /* StarWarsChronology.app */ = {isa = PBXFileReference; explicitFileType = wrapper.application; includeInIndex = 0; path = StarWarsChronology.app; sourceTree = BUILT_PRODUCTS_DIR; };
		96BC1414247A050800359967 /* AppDelegate.swift */ = {isa = PBXFileReference; lastKnownFileType = sourcecode.swift; path = AppDelegate.swift; sourceTree = "<group>"; };
		96BC1418247A050800359967 /* ViewController.swift */ = {isa = PBXFileReference; lastKnownFileType = sourcecode.swift; path = ViewController.swift; sourceTree = "<group>"; };
		96BC141B247A050800359967 /* Base */ = {isa = PBXFileReference; lastKnownFileType = file.storyboard; name = Base; path = Base.lproj/Main.storyboard; sourceTree = "<group>"; };
		96BC141D247A050B00359967 /* Assets.xcassets */ = {isa = PBXFileReference; lastKnownFileType = folder.assetcatalog; path = Assets.xcassets; sourceTree = "<group>"; };
		96BC1420247A050B00359967 /* Base */ = {isa = PBXFileReference; lastKnownFileType = file.storyboard; name = Base; path = Base.lproj/LaunchScreen.storyboard; sourceTree = "<group>"; };
		96BC1422247A050B00359967 /* Info.plist */ = {isa = PBXFileReference; lastKnownFileType = text.plist.xml; path = Info.plist; sourceTree = "<group>"; };
/* End PBXFileReference section */

/* Begin PBXFrameworksBuildPhase section */
		96BC140E247A050800359967 /* Frameworks */ = {
			isa = PBXFrameworksBuildPhase;
			buildActionMask = 2147483647;
			files = (
			);
			runOnlyForDeploymentPostprocessing = 0;
		};
/* End PBXFrameworksBuildPhase section */

/* Begin PBXGroup section */
		966EB704247A9ED2008E2A1F /* Controller */ = {
			isa = PBXGroup;
			children = (
				966EB70F247AFA3E008E2A1F /* EpisodeViewController.swift */,
			);
			path = Controller;
			sourceTree = "<group>";
		};
		966EB705247A9EDC008E2A1F /* View */ = {
			isa = PBXGroup;
			children = (
			);
			path = View;
			sourceTree = "<group>";
		};
		966EB706247A9EE3008E2A1F /* Model */ = {
			isa = PBXGroup;
			children = (
			);
			path = Model;
			sourceTree = "<group>";
		};
		96BC1408247A050800359967 = {
			isa = PBXGroup;
			children = (
				96BC1413247A050800359967 /* StarWarsChronology */,
				96BC1412247A050800359967 /* Products */,
			);
			sourceTree = "<group>";
		};
		96BC1412247A050800359967 /* Products */ = {
			isa = PBXGroup;
			children = (
				96BC1411247A050800359967 /* StarWarsChronology.app */,
			);
			name = Products;
			sourceTree = "<group>";
		};
		96BC1413247A050800359967 /* StarWarsChronology */ = {
			isa = PBXGroup;
			children = (
				96BC142C247A0D3B00359967 /* EpisodeDetails */,
				96BC1428247A0CFF00359967 /* EpisodesList */,
				96BC1414247A050800359967 /* AppDelegate.swift */,
				96BC1418247A050800359967 /* ViewController.swift */,
				96BC141A247A050800359967 /* Main.storyboard */,
				966EB70B247AA266008E2A1F /* episodes.json */,
				96BC141D247A050B00359967 /* Assets.xcassets */,
				96BC141F247A050B00359967 /* LaunchScreen.storyboard */,
				96BC1422247A050B00359967 /* Info.plist */,
				966EB70D247AA3A5008E2A1F /* Episode.swift */,
			);
			path = StarWarsChronology;
			sourceTree = "<group>";
		};
		96BC1428247A0CFF00359967 /* EpisodesList */ = {
			isa = PBXGroup;
			children = (
				96BC1429247A0D1500359967 /* Model */,
				96BC142A247A0D1A00359967 /* View */,
				96BC142B247A0D1E00359967 /* Controller */,
			);
			path = EpisodesList;
			sourceTree = "<group>";
		};
		96BC1429247A0D1500359967 /* Model */ = {
			isa = PBXGroup;
			children = (
			);
			path = Model;
			sourceTree = "<group>";
		};
		96BC142A247A0D1A00359967 /* View */ = {
			isa = PBXGroup;
			children = (
				966EB709247A9FF3008E2A1F /* EpisodeTableViewCell.swift */,
			);
			path = View;
			sourceTree = "<group>";
		};
		96BC142B247A0D1E00359967 /* Controller */ = {
			isa = PBXGroup;
			children = (
				966EB707247A9F6C008E2A1F /* EpisodesListTableViewController.swift */,
			);
			path = Controller;
			sourceTree = "<group>";
		};
		96BC142C247A0D3B00359967 /* EpisodeDetails */ = {
			isa = PBXGroup;
			children = (
				966EB706247A9EE3008E2A1F /* Model */,
				966EB705247A9EDC008E2A1F /* View */,
				966EB704247A9ED2008E2A1F /* Controller */,
			);
			path = EpisodeDetails;
			sourceTree = "<group>";
		};
/* End PBXGroup section */

/* Begin PBXNativeTarget section */
		96BC1410247A050800359967 /* StarWarsChronology */ = {
			isa = PBXNativeTarget;
			buildConfigurationList = 96BC1425247A050B00359967 /* Build configuration list for PBXNativeTarget "StarWarsChronology" */;
			buildPhases = (
				96BC140D247A050800359967 /* Sources */,
				96BC140E247A050800359967 /* Frameworks */,
				96BC140F247A050800359967 /* Resources */,
			);
			buildRules = (
			);
			dependencies = (
			);
			name = StarWarsChronology;
			productName = StarWarsChronology;
			productReference = 96BC1411247A050800359967 /* StarWarsChronology.app */;
			productType = "com.apple.product-type.application";
		};
/* End PBXNativeTarget section */

/* Begin PBXProject section */
		96BC1409247A050800359967 /* Project object */ = {
			isa = PBXProject;
			attributes = {
				LastSwiftUpdateCheck = 1150;
				LastUpgradeCheck = 1150;
				ORGANIZATIONNAME = "Matheus Cunha";
				TargetAttributes = {
					96BC1410247A050800359967 = {
						CreatedOnToolsVersion = 11.5;
					};
				};
			};
			buildConfigurationList = 96BC140C247A050800359967 /* Build configuration list for PBXProject "StarWarsChronology" */;
			compatibilityVersion = "Xcode 9.3";
			developmentRegion = en;
			hasScannedForEncodings = 0;
			knownRegions = (
				en,
				Base,
			);
			mainGroup = 96BC1408247A050800359967;
			productRefGroup = 96BC1412247A050800359967 /* Products */;
			projectDirPath = "";
			projectRoot = "";
			targets = (
				96BC1410247A050800359967 /* StarWarsChronology */,
			);
		};
/* End PBXProject section */

/* Begin PBXResourcesBuildPhase section */
		96BC140F247A050800359967 /* Resources */ = {
			isa = PBXResourcesBuildPhase;
			buildActionMask = 2147483647;
			files = (
				96BC1421247A050B00359967 /* LaunchScreen.storyboard in Resources */,
				966EB70C247AA266008E2A1F /* episodes.json in Resources */,
				96BC141E247A050B00359967 /* Assets.xcassets in Resources */,
				96BC141C247A050800359967 /* Main.storyboard in Resources */,
			);
			runOnlyForDeploymentPostprocessing = 0;
		};
/* End PBXResourcesBuildPhase section */

/* Begin PBXSourcesBuildPhase section */
		96BC140D247A050800359967 /* Sources */ = {
			isa = PBXSourcesBuildPhase;
			buildActionMask = 2147483647;
			files = (
				96BC1419247A050800359967 /* ViewController.swift in Sources */,
				966EB708247A9F6D008E2A1F /* EpisodesListTableViewController.swift in Sources */,
				966EB70A247A9FF3008E2A1F /* EpisodeTableViewCell.swift in Sources */,
				966EB70E247AA3A5008E2A1F /* Episode.swift in Sources */,
				96BC1415247A050800359967 /* AppDelegate.swift in Sources */,
				966EB710247AFA3E008E2A1F /* EpisodeViewController.swift in Sources */,
			);
			runOnlyForDeploymentPostprocessing = 0;
		};
/* End PBXSourcesBuildPhase section */

/* Begin PBXVariantGroup section */
		96BC141A247A050800359967 /* Main.storyboard */ = {
			isa = PBXVariantGroup;
			children = (
				96BC141B247A050800359967 /* Base */,
			);
			name = Main.storyboard;
			sourceTree = "<group>";
		};
		96BC141F247A050B00359967 /* LaunchScreen.storyboard */ = {
			isa = PBXVariantGroup;
			children = (
				96BC1420247A050B00359967 /* Base */,
			);
			name = LaunchScreen.storyboard;
			sourceTree = "<group>";
		};
/* End PBXVariantGroup section */

/* Begin XCBuildConfiguration section */
		96BC1423247A050B00359967 /* Debug */ = {
			isa = XCBuildConfiguration;
			buildSettings = {
				ALWAYS_SEARCH_USER_PATHS = NO;
				CLANG_ANALYZER_NONNULL = YES;
				CLANG_ANALYZER_NUMBER_OBJECT_CONVERSION = YES_AGGRESSIVE;
				CLANG_CXX_LANGUAGE_STANDARD = "gnu++14";
				CLANG_CXX_LIBRARY = "libc++";
				CLANG_ENABLE_MODULES = YES;
				CLANG_ENABLE_OBJC_ARC = YES;
				CLANG_ENABLE_OBJC_WEAK = YES;
				CLANG_WARN_BLOCK_CAPTURE_AUTORELEASING = YES;
				CLANG_WARN_BOOL_CONVERSION = YES;
				CLANG_WARN_COMMA = YES;
				CLANG_WARN_CONSTANT_CONVERSION = YES;
				CLANG_WARN_DEPRECATED_OBJC_IMPLEMENTATIONS = YES;
				CLANG_WARN_DIRECT_OBJC_ISA_USAGE = YES_ERROR;
				CLANG_WARN_DOCUMENTATION_COMMENTS = YES;
				CLANG_WARN_EMPTY_BODY = YES;
				CLANG_WARN_ENUM_CONVERSION = YES;
				CLANG_WARN_INFINITE_RECURSION = YES;
				CLANG_WARN_INT_CONVERSION = YES;
				CLANG_WARN_NON_LITERAL_NULL_CONVERSION = YES;
				CLANG_WARN_OBJC_IMPLICIT_RETAIN_SELF = YES;
				CLANG_WARN_OBJC_LITERAL_CONVERSION = YES;
				CLANG_WARN_OBJC_ROOT_CLASS = YES_ERROR;
				CLANG_WARN_RANGE_LOOP_ANALYSIS = YES;
				CLANG_WARN_STRICT_PROTOTYPES = YES;
				CLANG_WARN_SUSPICIOUS_MOVE = YES;
				CLANG_WARN_UNGUARDED_AVAILABILITY = YES_AGGRESSIVE;
				CLANG_WARN_UNREACHABLE_CODE = YES;
				CLANG_WARN__DUPLICATE_METHOD_MATCH = YES;
				COPY_PHASE_STRIP = NO;
				DEBUG_INFORMATION_FORMAT = dwarf;
				ENABLE_STRICT_OBJC_MSGSEND = YES;
				ENABLE_TESTABILITY = YES;
				GCC_C_LANGUAGE_STANDARD = gnu11;
				GCC_DYNAMIC_NO_PIC = NO;
				GCC_NO_COMMON_BLOCKS = YES;
				GCC_OPTIMIZATION_LEVEL = 0;
				GCC_PREPROCESSOR_DEFINITIONS = (
					"DEBUG=1",
					"$(inherited)",
				);
				GCC_WARN_64_TO_32_BIT_CONVERSION = YES;
				GCC_WARN_ABOUT_RETURN_TYPE = YES_ERROR;
				GCC_WARN_UNDECLARED_SELECTOR = YES;
				GCC_WARN_UNINITIALIZED_AUTOS = YES_AGGRESSIVE;
				GCC_WARN_UNUSED_FUNCTION = YES;
				GCC_WARN_UNUSED_VARIABLE = YES;
				IPHONEOS_DEPLOYMENT_TARGET = 13.5;
				MTL_ENABLE_DEBUG_INFO = INCLUDE_SOURCE;
				MTL_FAST_MATH = YES;
				ONLY_ACTIVE_ARCH = YES;
				SDKROOT = iphoneos;
				SWIFT_ACTIVE_COMPILATION_CONDITIONS = DEBUG;
				SWIFT_OPTIMIZATION_LEVEL = "-Onone";
			};
			name = Debug;
		};
		96BC1424247A050B00359967 /* Release */ = {
			isa = XCBuildConfiguration;
			buildSettings = {
				ALWAYS_SEARCH_USER_PATHS = NO;
				CLANG_ANALYZER_NONNULL = YES;
				CLANG_ANALYZER_NUMBER_OBJECT_CONVERSION = YES_AGGRESSIVE;
				CLANG_CXX_LANGUAGE_STANDARD = "gnu++14";
				CLANG_CXX_LIBRARY = "libc++";
				CLANG_ENABLE_MODULES = YES;
				CLANG_ENABLE_OBJC_ARC = YES;
				CLANG_ENABLE_OBJC_WEAK = YES;
				CLANG_WARN_BLOCK_CAPTURE_AUTORELEASING = YES;
				CLANG_WARN_BOOL_CONVERSION = YES;
				CLANG_WARN_COMMA = YES;
				CLANG_WARN_CONSTANT_CONVERSION = YES;
				CLANG_WARN_DEPRECATED_OBJC_IMPLEMENTATIONS = YES;
				CLANG_WARN_DIRECT_OBJC_ISA_USAGE = YES_ERROR;
				CLANG_WARN_DOCUMENTATION_COMMENTS = YES;
				CLANG_WARN_EMPTY_BODY = YES;
				CLANG_WARN_ENUM_CONVERSION = YES;
				CLANG_WARN_INFINITE_RECURSION = YES;
				CLANG_WARN_INT_CONVERSION = YES;
				CLANG_WARN_NON_LITERAL_NULL_CONVERSION = YES;
				CLANG_WARN_OBJC_IMPLICIT_RETAIN_SELF = YES;
				CLANG_WARN_OBJC_LITERAL_CONVERSION = YES;
				CLANG_WARN_OBJC_ROOT_CLASS = YES_ERROR;
				CLANG_WARN_RANGE_LOOP_ANALYSIS = YES;
				CLANG_WARN_STRICT_PROTOTYPES = YES;
				CLANG_WARN_SUSPICIOUS_MOVE = YES;
				CLANG_WARN_UNGUARDED_AVAILABILITY = YES_AGGRESSIVE;
				CLANG_WARN_UNREACHABLE_CODE = YES;
				CLANG_WARN__DUPLICATE_METHOD_MATCH = YES;
				COPY_PHASE_STRIP = NO;
				DEBUG_INFORMATION_FORMAT = "dwarf-with-dsym";
				ENABLE_NS_ASSERTIONS = NO;
				ENABLE_STRICT_OBJC_MSGSEND = YES;
				GCC_C_LANGUAGE_STANDARD = gnu11;
				GCC_NO_COMMON_BLOCKS = YES;
				GCC_WARN_64_TO_32_BIT_CONVERSION = YES;
				GCC_WARN_ABOUT_RETURN_TYPE = YES_ERROR;
				GCC_WARN_UNDECLARED_SELECTOR = YES;
				GCC_WARN_UNINITIALIZED_AUTOS = YES_AGGRESSIVE;
				GCC_WARN_UNUSED_FUNCTION = YES;
				GCC_WARN_UNUSED_VARIABLE = YES;
				IPHONEOS_DEPLOYMENT_TARGET = 13.5;
				MTL_ENABLE_DEBUG_INFO = NO;
				MTL_FAST_MATH = YES;
				SDKROOT = iphoneos;
				SWIFT_COMPILATION_MODE = wholemodule;
				SWIFT_OPTIMIZATION_LEVEL = "-O";
				VALIDATE_PRODUCT = YES;
			};
			name = Release;
		};
		96BC1426247A050B00359967 /* Debug */ = {
			isa = XCBuildConfiguration;
			buildSettings = {
				ASSETCATALOG_COMPILER_APPICON_NAME = AppIcon;
				CODE_SIGN_STYLE = Automatic;
				DEVELOPMENT_TEAM = S25NP448HK;
				INFOPLIST_FILE = StarWarsChronology/Info.plist;
				LD_RUNPATH_SEARCH_PATHS = (
					"$(inherited)",
					"@executable_path/Frameworks",
				);
				PRODUCT_BUNDLE_IDENTIFIER = com.br.mcunha.StarWarsChronology;
				PRODUCT_NAME = "$(TARGET_NAME)";
				SWIFT_VERSION = 5.0;
				TARGETED_DEVICE_FAMILY = "1,2";
			};
			name = Debug;
		};
		96BC1427247A050B00359967 /* Release */ = {
			isa = XCBuildConfiguration;
			buildSettings = {
				ASSETCATALOG_COMPILER_APPICON_NAME = AppIcon;
				CODE_SIGN_STYLE = Automatic;
				DEVELOPMENT_TEAM = S25NP448HK;
				INFOPLIST_FILE = StarWarsChronology/Info.plist;
				LD_RUNPATH_SEARCH_PATHS = (
					"$(inherited)",
					"@executable_path/Frameworks",
				);
				PRODUCT_BUNDLE_IDENTIFIER = com.br.mcunha.StarWarsChronology;
				PRODUCT_NAME = "$(TARGET_NAME)";
				SWIFT_VERSION = 5.0;
				TARGETED_DEVICE_FAMILY = "1,2";
			};
			name = Release;
		};
/* End XCBuildConfiguration section */

/* Begin XCConfigurationList section */
		96BC140C247A050800359967 /* Build configuration list for PBXProject "StarWarsChronology" */ = {
			isa = XCConfigurationList;
			buildConfigurations = (
				96BC1423247A050B00359967 /* Debug */,
				96BC1424247A050B00359967 /* Release */,
			);
			defaultConfigurationIsVisible = 0;
			defaultConfigurationName = Release;
		};
		96BC1425247A050B00359967 /* Build configuration list for PBXNativeTarget "StarWarsChronology" */ = {
			isa = XCConfigurationList;
			buildConfigurations = (
				96BC1426247A050B00359967 /* Debug */,
				96BC1427247A050B00359967 /* Release */,
			);
			defaultConfigurationIsVisible = 0;
			defaultConfigurationName = Release;
		};
/* End XCConfigurationList section */
	};
	rootObject = 96BC1409247A050800359967 /* Project object */;
}
